
Microsoft Visual Studio Solution File, Format Version 12.00
# Visual Studio Version 17
VisualStudioVersion = 17.14.36414.22
MinimumVisualStudioVersion = 10.0.40219.1
Project("{FAE04EC0-301F-11D3-BF4B-00C04F79EFBC}") = "GRDA-TEP-DSP-000.API", "GRDA-TEP-DSP-000.API\GRDA-TEP-DSP-000.API.csproj", "{A7A84985-5BA2-4166-BC06-4B622FEA9F24}"
EndProject
Project("{FAE04EC0-301F-11D3-BF4B-00C04F79EFBC}") = "GRDA-TEP-DSP-000.Core", "GRDA-TEP-DSP-000.Core\GRDA-TEP-DSP-000.Core.csproj", "{1C0A672A-447E-4324-A777-A6FDF4B64AD1}"
EndProject
Project("{FAE04EC0-301F-11D3-BF4B-00C04F79EFBC}") = "GRDA-TEP-DSP-000.Application", "GRDA-TEP-DSP-000.Application\GRDA-TEP-DSP-000.Application.csproj", "{A249CA90-3F8D-4D40-BA3B-A71EF1B83615}"
EndProject
Project("{FAE04EC0-301F-11D3-BF4B-00C04F79EFBC}") = "GRDA-TEP-DSP-000.Domain", "GRDA-TEP-DSP-000.Domain\GRDA-TEP-DSP-000.Domain.csproj", "{414B2627-F4B5-4484-979F-C76D5F81EAAC}"
EndProject
Project("{FAE04EC0-301F-11D3-BF4B-00C04F79EFBC}") = "GRDA-TEP-DSP-000.Infrastructure", "GRDA-TEP-DSP-000.Infrastructure\GRDA-TEP-DSP-000.Infrastructure.csproj", "{28CF337B-B84F-4E6D-BF51-CE50FD9B1F7C}"
EndProject
Global
	GlobalSection(SolutionConfigurationPlatforms) = preSolution
		Debug|Any CPU = Debug|Any CPU
		Release|Any CPU = Release|Any CPU
	EndGlobalSection
	GlobalSection(ProjectConfigurationPlatforms) = postSolution
		{A7A84985-5BA2-4166-BC06-4B622FEA9F24}.Debug|Any CPU.ActiveCfg = Debug|Any CPU
		{A7A84985-5BA2-4166-BC06-4B622FEA9F24}.Debug|Any CPU.Build.0 = Debug|Any CPU
		{A7A84985-5BA2-4166-BC06-4B622FEA9F24}.Release|Any CPU.ActiveCfg = Release|Any CPU
		{A7A84985-5BA2-4166-BC06-4B622FEA9F24}.Release|Any CPU.Build.0 = Release|Any CPU
		{1C0A672A-447E-4324-A777-A6FDF4B64AD1}.Debug|Any CPU.ActiveCfg = Debug|Any CPU
		{1C0A672A-447E-4324-A777-A6FDF4B64AD1}.Debug|Any CPU.Build.0 = Debug|Any CPU
		{1C0A672A-447E-4324-A777-A6FDF4B64AD1}.Release|Any CPU.ActiveCfg = Release|Any CPU
		{1C0A672A-447E-4324-A777-A6FDF4B64AD1}.Release|Any CPU.Build.0 = Release|Any CPU
		{A249CA90-3F8D-4D40-BA3B-A71EF1B83615}.Debug|Any CPU.ActiveCfg = Debug|Any CPU
		{A249CA90-3F8D-4D40-BA3B-A71EF1B83615}.Debug|Any CPU.Build.0 = Debug|Any CPU
		{A249CA90-3F8D-4D40-BA3B-A71EF1B83615}.Release|Any CPU.ActiveCfg = Release|Any CPU
		{A249CA90-3F8D-4D40-BA3B-A71EF1B83615}.Release|Any CPU.Build.0 = Release|Any CPU
		{414B2627-F4B5-4484-979F-C76D5F81EAAC}.Debug|Any CPU.ActiveCfg = Debug|Any CPU
		{414B2627-F4B5-4484-979F-C76D5F81EAAC}.Debug|Any CPU.Build.0 = Debug|Any CPU
		{414B2627-F4B5-4484-979F-C76D5F81EAAC}.Release|Any CPU.ActiveCfg = Release|Any CPU
		{414B2627-F4B5-4484-979F-C76D5F81EAAC}.Release|Any CPU.Build.0 = Release|Any CPU
		{28CF337B-B84F-4E6D-BF51-CE50FD9B1F7C}.Debug|Any CPU.ActiveCfg = Debug|Any CPU
		{28CF337B-B84F-4E6D-BF51-CE50FD9B1F7C}.Debug|Any CPU.Build.0 = Debug|Any CPU
		{28CF337B-B84F-4E6D-BF51-CE50FD9B1F7C}.Release|Any CPU.ActiveCfg = Release|Any CPU
		{28CF337B-B84F-4E6D-BF51-CE50FD9B1F7C}.Release|Any CPU.Build.0 = Release|Any CPU
	EndGlobalSection
	GlobalSection(SolutionProperties) = preSolution
		HideSolutionNode = FALSE
	EndGlobalSection
	GlobalSection(ExtensibilityGlobals) = postSolution
		SolutionGuid = {C9B313BF-BD0A-4033-B10B-845B36375114}
	EndGlobalSection
EndGlobal
